// !$*UTF8*$!
{
	archiveVersion = 1;
	classes = {
	};
	objectVersion = 46;
	objects = {

/* Begin PBXBuildFile section */
		1465108273525F2DE433EC15 /* libPods-GoogleDriveDemo.a in Frameworks */ = {isa = PBXBuildFile; fileRef = B5D43FEE3237EF88305F3DA8 /* libPods-GoogleDriveDemo.a */; };
		1F3AA9C61F00D5970049331B /* main.m in Sources */ = {isa = PBXBuildFile; fileRef = 1F3AA9C51F00D5970049331B /* main.m */; };
		1F3AA9C91F00D5970049331B /* AppDelegate.m in Sources */ = {isa = PBXBuildFile; fileRef = 1F3AA9C81F00D5970049331B /* AppDelegate.m */; };
		1F3AA9CC1F00D5970049331B /* ViewController.m in Sources */ = {isa = PBXBuildFile; fileRef = 1F3AA9CB1F00D5970049331B /* ViewController.m */; };
		1F3AA9CF1F00D5970049331B /* Main.storyboard in Resources */ = {isa = PBXBuildFile; fileRef = 1F3AA9CD1F00D5970049331B /* Main.storyboard */; };
		1F3AA9D11F00D5970049331B /* Assets.xcassets in Resources */ = {isa = PBXBuildFile; fileRef = 1F3AA9D01F00D5970049331B /* Assets.xcassets */; };
		1F3AA9D41F00D5970049331B /* LaunchScreen.storyboard in Resources */ = {isa = PBXBuildFile; fileRef = 1F3AA9D21F00D5970049331B /* LaunchScreen.storyboard */; };
		1F3AA9DC1F00D6B50049331B /* GoogleService-Info.plist in Resources */ = {isa = PBXBuildFile; fileRef = 1F3AA9DB1F00D6B50049331B /* GoogleService-Info.plist */; };
/* End PBXBuildFile section */

/* Begin PBXFileReference section */
		1F3AA9C11F00D5970049331B /* GoogleDriveDemo.app */ = {isa = PBXFileReference; explicitFileType = wrapper.application; includeInIndex = 0; path = GoogleDriveDemo.app; sourceTree = BUILT_PRODUCTS_DIR; };
		1F3AA9C51F00D5970049331B /* main.m */ = {isa = PBXFileReference; lastKnownFileType = sourcecode.c.objc; path = main.m; sourceTree = "<group>"; };
		1F3AA9C71F00D5970049331B /* AppDelegate.h */ = {isa = PBXFileReference; lastKnownFileType = sourcecode.c.h; path = AppDelegate.h; sourceTree = "<group>"; };
		1F3AA9C81F00D5970049331B /* AppDelegate.m */ = {isa = PBXFileReference; lastKnownFileType = sourcecode.c.objc; path = AppDelegate.m; sourceTree = "<group>"; };
		1F3AA9CA1F00D5970049331B /* ViewController.h */ = {isa = PBXFileReference; lastKnownFileType = sourcecode.c.h; path = ViewController.h; sourceTree = "<group>"; };
		1F3AA9CB1F00D5970049331B /* ViewController.m */ = {isa = PBXFileReference; lastKnownFileType = sourcecode.c.objc; path = ViewController.m; sourceTree = "<group>"; };
		1F3AA9CE1F00D5970049331B /* Base */ = {isa = PBXFileReference; lastKnownFileType = file.storyboard; name = Base; path = Base.lproj/Main.storyboard; sourceTree = "<group>"; };
		1F3AA9D01F00D5970049331B /* Assets.xcassets */ = {isa = PBXFileReference; lastKnownFileType = folder.assetcatalog; path = Assets.xcassets; sourceTree = "<group>"; };
		1F3AA9D31F00D5970049331B /* Base */ = {isa = PBXFileReference; lastKnownFileType = file.storyboard; name = Base; path = Base.lproj/LaunchScreen.storyboard; sourceTree = "<group>"; };
		1F3AA9D51F00D5970049331B /* Info.plist */ = {isa = PBXFileReference; lastKnownFileType = text.plist.xml; path = Info.plist; sourceTree = "<group>"; };
		1F3AA9DB1F00D6B50049331B /* GoogleService-Info.plist */ = {isa = PBXFileReference; fileEncoding = 4; lastKnownFileType = text.plist.xml; path = "GoogleService-Info.plist"; sourceTree = "<group>"; };
		9667617A93EACAAF9C19B6BC /* Pods-GoogleDriveDemo.debug.xcconfig */ = {isa = PBXFileReference; includeInIndex = 1; lastKnownFileType = text.xcconfig; name = "Pods-GoogleDriveDemo.debug.xcconfig"; path = "Pods/Target Support Files/Pods-GoogleDriveDemo/Pods-GoogleDriveDemo.debug.xcconfig"; sourceTree = "<group>"; };
		B5D43FEE3237EF88305F3DA8 /* libPods-GoogleDriveDemo.a */ = {isa = PBXFileReference; explicitFileType = archive.ar; includeInIndex = 0; path = "libPods-GoogleDriveDemo.a"; sourceTree = BUILT_PRODUCTS_DIR; };
		CBDAED7FF5C99213705EC33F /* Pods-GoogleDriveDemo.release.xcconfig */ = {isa = PBXFileReference; includeInIndex = 1; lastKnownFileType = text.xcconfig; name = "Pods-GoogleDriveDemo.release.xcconfig"; path = "Pods/Target Support Files/Pods-GoogleDriveDemo/Pods-GoogleDriveDemo.release.xcconfig"; sourceTree = "<group>"; };
/* End PBXFileReference section */

/* Begin PBXFrameworksBuildPhase section */
		1F3AA9BE1F00D5970049331B /* Frameworks */ = {
			isa = PBXFrameworksBuildPhase;
			buildActionMask = 2147483647;
			files = (
				1465108273525F2DE433EC15 /* libPods-GoogleDriveDemo.a in Frameworks */,
			);
			runOnlyForDeploymentPostprocessing = 0;
		};
/* End PBXFrameworksBuildPhase section */

/* Begin PBXGroup section */
		1F3AA9B81F00D5970049331B = {
			isa = PBXGroup;
			children = (
				1F3AA9C31F00D5970049331B /* GoogleDriveDemo */,
				1F3AA9C21F00D5970049331B /* Products */,
				6351D2E9DE895A6594FFB7F7 /* Pods */,
				CF9D18D093B8E58F054CEBD9 /* Frameworks */,
			);
			sourceTree = "<group>";
		};
		1F3AA9C21F00D5970049331B /* Products */ = {
			isa = PBXGroup;
			children = (
				1F3AA9C11F00D5970049331B /* GoogleDriveDemo.app */,
			);
			name = Products;
			sourceTree = "<group>";
		};
		1F3AA9C31F00D5970049331B /* GoogleDriveDemo */ = {
			isa = PBXGroup;
			children = (
				1F3AA9C71F00D5970049331B /* AppDelegate.h */,
				1F3AA9C81F00D5970049331B /* AppDelegate.m */,
				1F3AA9CA1F00D5970049331B /* ViewController.h */,
				1F3AA9CB1F00D5970049331B /* ViewController.m */,
				1F3AA9CD1F00D5970049331B /* Main.storyboard */,
				1F3AA9D01F00D5970049331B /* Assets.xcassets */,
				1F3AA9D21F00D5970049331B /* LaunchScreen.storyboard */,
				1F3AA9DB1F00D6B50049331B /* GoogleService-Info.plist */,
				1F3AA9D51F00D5970049331B /* Info.plist */,
				1F3AA9C41F00D5970049331B /* Supporting Files */,
			);
			path = GoogleDriveDemo;
			sourceTree = "<group>";
		};
		1F3AA9C41F00D5970049331B /* Supporting Files */ = {
			isa = PBXGroup;
			children = (
				1F3AA9C51F00D5970049331B /* main.m */,
			);
			name = "Supporting Files";
			sourceTree = "<group>";
		};
		6351D2E9DE895A6594FFB7F7 /* Pods */ = {
			isa = PBXGroup;
			children = (
				9667617A93EACAAF9C19B6BC /* Pods-GoogleDriveDemo.debug.xcconfig */,
				CBDAED7FF5C99213705EC33F /* Pods-GoogleDriveDemo.release.xcconfig */,
			);
			name = Pods;
			sourceTree = "<group>";
		};
		CF9D18D093B8E58F054CEBD9 /* Frameworks */ = {
			isa = PBXGroup;
			children = (
				B5D43FEE3237EF88305F3DA8 /* libPods-GoogleDriveDemo.a */,
			);
			name = Frameworks;
			sourceTree = "<group>";
		};
/* End PBXGroup section */

/* Begin PBXNativeTarget section */
		1F3AA9C01F00D5970049331B /* GoogleDriveDemo */ = {
			isa = PBXNativeTarget;
			buildConfigurationList = 1F3AA9D81F00D5970049331B /* Build configuration list for PBXNativeTarget "GoogleDriveDemo" */;
			buildPhases = (
				A267F6E2785B2675ECED1532 /* [CP] Check Pods Manifest.lock */,
				1F3AA9BD1F00D5970049331B /* Sources */,
				1F3AA9BE1F00D5970049331B /* Frameworks */,
				1F3AA9BF1F00D5970049331B /* Resources */,
				0A3B14DE9F51D254FA8AE188 /* [CP] Embed Pods Frameworks */,
				E055F0FA56993F4403F4ADEB /* [CP] Copy Pods Resources */,
			);
			buildRules = (
			);
			dependencies = (
			);
			name = GoogleDriveDemo;
			productName = GoogleDriveDemo;
			productReference = 1F3AA9C11F00D5970049331B /* GoogleDriveDemo.app */;
			productType = "com.apple.product-type.application";
		};
/* End PBXNativeTarget section */

/* Begin PBXProject section */
		1F3AA9B91F00D5970049331B /* Project object */ = {
			isa = PBXProject;
			attributes = {
				LastUpgradeCheck = 0820;
				ORGANIZATIONNAME = com.zaptechsolutions;
				TargetAttributes = {
					1F3AA9C01F00D5970049331B = {
						CreatedOnToolsVersion = 8.2;
						DevelopmentTeam = 3Y587YMRM5;
						ProvisioningStyle = Manual;
					};
				};
			};
			buildConfigurationList = 1F3AA9BC1F00D5970049331B /* Build configuration list for PBXProject "GoogleDriveDemo" */;
			compatibilityVersion = "Xcode 3.2";
			developmentRegion = English;
			hasScannedForEncodings = 0;
			knownRegions = (
				en,
				Base,
			);
			mainGroup = 1F3AA9B81F00D5970049331B;
			productRefGroup = 1F3AA9C21F00D5970049331B /* Products */;
			projectDirPath = "";
			projectRoot = "";
			targets = (
				1F3AA9C01F00D5970049331B /* GoogleDriveDemo */,
			);
		};
/* End PBXProject section */

/* Begin PBXResourcesBuildPhase section */
		1F3AA9BF1F00D5970049331B /* Resources */ = {
			isa = PBXResourcesBuildPhase;
			buildActionMask = 2147483647;
			files = (
				1F3AA9DC1F00D6B50049331B /* GoogleService-Info.plist in Resources */,
				1F3AA9D41F00D5970049331B /* LaunchScreen.storyboard in Resources */,
				1F3AA9D11F00D5970049331B /* Assets.xcassets in Resources */,
				1F3AA9CF1F00D5970049331B /* Main.storyboard in Resources */,
			);
			runOnlyForDeploymentPostprocessing = 0;
		};
/* End PBXResourcesBuildPhase section */

/* Begin PBXShellScriptBuildPhase section */
		0A3B14DE9F51D254FA8AE188 /* [CP] Embed Pods Frameworks */ = {
			isa = PBXShellScriptBuildPhase;
			buildActionMask = 2147483647;
			files = (
			);
			inputPaths = (
			);
			name = "[CP] Embed Pods Frameworks";
			outputPaths = (
			);
			runOnlyForDeploymentPostprocessing = 0;
			shellPath = /bin/sh;
			shellScript = "\"${SRCROOT}/Pods/Target Support Files/Pods-GoogleDriveDemo/Pods-GoogleDriveDemo-frameworks.sh\"\n";
			showEnvVarsInLog = 0;
		};
		A267F6E2785B2675ECED1532 /* [CP] Check Pods Manifest.lock */ = {
			isa = PBXShellScriptBuildPhase;
			buildActionMask = 2147483647;
			files = (
			);
			inputPaths = (
			);
			name = "[CP] Check Pods Manifest.lock";
			outputPaths = (
			);
			runOnlyForDeploymentPostprocessing = 0;
			shellPath = /bin/sh;
			shellScript = "diff \"${PODS_ROOT}/../Podfile.lock\" \"${PODS_ROOT}/Manifest.lock\" > /dev/null\nif [ $? != 0 ] ; then\n    # print error to STDERR\n    echo \"error: The sandbox is not in sync with the Podfile.lock. Run 'pod install' or update your CocoaPods installation.\" >&2\n    exit 1\nfi\n";
			showEnvVarsInLog = 0;
		};
		E055F0FA56993F4403F4ADEB /* [CP] Copy Pods Resources */ = {
			isa = PBXShellScriptBuildPhase;
			buildActionMask = 2147483647;
			files = (
			);
			inputPaths = (
			);
			name = "[CP] Copy Pods Resources";
			outputPaths = (
			);
			runOnlyForDeploymentPostprocessing = 0;
			shellPath = /bin/sh;
			shellScript = "\"${SRCROOT}/Pods/Target Support Files/Pods-GoogleDriveDemo/Pods-GoogleDriveDemo-resources.sh\"\n";
			showEnvVarsInLog = 0;
		};
/* End PBXShellScriptBuildPhase section */

/* Begin PBXSourcesBuildPhase section */
		1F3AA9BD1F00D5970049331B /* Sources */ = {
			isa = PBXSourcesBuildPhase;
			buildActionMask = 2147483647;
			files = (
				1F3AA9CC1F00D5970049331B /* ViewController.m in Sources */,
				1F3AA9C91F00D5970049331B /* AppDelegate.m in Sources */,
				1F3AA9C61F00D5970049331B /* main.m in Sources */,
			);
			runOnlyForDeploymentPostprocessing = 0;
		};
/* End PBXSourcesBuildPhase section */

/* Begin PBXVariantGroup section */
		1F3AA9CD1F00D5970049331B /* Main.storyboard */ = {
			isa = PBXVariantGroup;
			children = (
				1F3AA9CE1F00D5970049331B /* Base */,
			);
			name = Main.storyboard;
			sourceTree = "<group>";
		};
		1F3AA9D21F00D5970049331B /* LaunchScreen.storyboard */ = {
			isa = PBXVariantGroup;
			children = (
				1F3AA9D31F00D5970049331B /* Base */,
			);
			name = LaunchScreen.storyboard;
			sourceTree = "<group>";
		};
/* End PBXVariantGroup section */

/* Begin XCBuildConfiguration section */
		1F3AA9D61F00D5970049331B /* Debug */ = {
			isa = XCBuildConfiguration;
			buildSettings = {
				ALWAYS_SEARCH_USER_PATHS = NO;
				CLANG_ANALYZER_NONNULL = YES;
				CLANG_CXX_LANGUAGE_STANDARD = "gnu++0x";
				CLANG_CXX_LIBRARY = "libc++";
				CLANG_ENABLE_MODULES = YES;
				CLANG_ENABLE_OBJC_ARC = YES;
				CLANG_WARN_BOOL_CONVERSION = YES;
				CLANG_WARN_CONSTANT_CONVERSION = YES;
				CLANG_WARN_DIRECT_OBJC_ISA_USAGE = YES_ERROR;
				CLANG_WARN_DOCUMENTATION_COMMENTS = YES;
				CLANG_WARN_EMPTY_BODY = YES;
				CLANG_WARN_ENUM_CONVERSION = YES;
				CLANG_WARN_INFINITE_RECURSION = YES;
				CLANG_WARN_INT_CONVERSION = YES;
				CLANG_WARN_OBJC_ROOT_CLASS = YES_ERROR;
				CLANG_WARN_SUSPICIOUS_MOVE = YES;
				CLANG_WARN_UNREACHABLE_CODE = YES;
				CLANG_WARN__DUPLICATE_METHOD_MATCH = YES;
				"CODE_SIGN_IDENTITY[sdk=iphoneos*]" = "iPhone Developer";
				COPY_PHASE_STRIP = NO;
				DEBUG_INFORMATION_FORMAT = dwarf;
				ENABLE_STRICT_OBJC_MSGSEND = YES;
				ENABLE_TESTABILITY = YES;
				GCC_C_LANGUAGE_STANDARD = gnu99;
				GCC_DYNAMIC_NO_PIC = NO;
				GCC_NO_COMMON_BLOCKS = YES;
				GCC_OPTIMIZATION_LEVEL = 0;
				GCC_PREPROCESSOR_DEFINITIONS = (
					"DEBUG=1",
					"$(inherited)",
				);
				GCC_WARN_64_TO_32_BIT_CONVERSION = YES;
				GCC_WARN_ABOUT_RETURN_TYPE = YES_ERROR;
				GCC_WARN_UNDECLARED_SELECTOR = YES;
				GCC_WARN_UNINITIALIZED_AUTOS = YES_AGGRESSIVE;
				GCC_WARN_UNUSED_FUNCTION = YES;
				GCC_WARN_UNUSED_VARIABLE = YES;
				IPHONEOS_DEPLOYMENT_TARGET = 10.2;
				MTL_ENABLE_DEBUG_INFO = YES;
				ONLY_ACTIVE_ARCH = YES;
				SDKROOT = iphoneos;
				TARGETED_DEVICE_FAMILY = "1,2";
			};
			name = Debug;
		};
		1F3AA9D71F00D5970049331B /* Release */ = {
			isa = XCBuildConfiguration;
			buildSettings = {
				ALWAYS_SEARCH_USER_PATHS = NO;
				CLANG_ANALYZER_NONNULL = YES;
				CLANG_CXX_LANGUAGE_STANDARD = "gnu++0x";
				CLANG_CXX_LIBRARY = "libc++";
				CLANG_ENABLE_MODULES = YES;
				CLANG_ENABLE_OBJC_ARC = YES;
				CLANG_WARN_BOOL_CONVERSION = YES;
				CLANG_WARN_CONSTANT_CONVERSION = YES;
				CLANG_WARN_DIRECT_OBJC_ISA_USAGE = YES_ERROR;
				CLANG_WARN_DOCUMENTATION_COMMENTS = YES;
				CLANG_WARN_EMPTY_BODY = YES;
				CLANG_WARN_ENUM_CONVERSION = YES;
				CLANG_WARN_INFINITE_RECURSION = YES;
				CLANG_WARN_INT_CONVERSION = YES;
				CLANG_WARN_OBJC_ROOT_CLASS = YES_ERROR;
				CLANG_WARN_SUSPICIOUS_MOVE = YES;
				CLANG_WARN_UNREACHABLE_CODE = YES;
				CLANG_WARN__DUPLICATE_METHOD_MATCH = YES;
				"CODE_SIGN_IDENTITY[sdk=iphoneos*]" = "iPhone Developer";
				COPY_PHASE_STRIP = NO;
				DEBUG_INFORMATION_FORMAT = "dwarf-with-dsym";
				ENABLE_NS_ASSERTIONS = NO;
				ENABLE_STRICT_OBJC_MSGSEND = YES;
				GCC_C_LANGUAGE_STANDARD = gnu99;
				GCC_NO_COMMON_BLOCKS = YES;
				GCC_WARN_64_TO_32_BIT_CONVERSION = YES;
				GCC_WARN_ABOUT_RETURN_TYPE = YES_ERROR;
				GCC_WARN_UNDECLARED_SELECTOR = YES;
				GCC_WARN_UNINITIALIZED_AUTOS = YES_AGGRESSIVE;
				GCC_WARN_UNUSED_FUNCTION = YES;
				GCC_WARN_UNUSED_VARIABLE = YES;
				IPHONEOS_DEPLOYMENT_TARGET = 10.2;
				MTL_ENABLE_DEBUG_INFO = NO;
				SDKROOT = iphoneos;
				TARGETED_DEVICE_FAMILY = "1,2";
				VALIDATE_PRODUCT = YES;
			};
			name = Release;
		};
		1F3AA9D91F00D5970049331B /* Debug */ = {
			isa = XCBuildConfiguration;
			baseConfigurationReference = 9667617A93EACAAF9C19B6BC /* Pods-GoogleDriveDemo.debug.xcconfig */;
			buildSettings = {
				ASSETCATALOG_COMPILER_APPICON_NAME = AppIcon;
				DEVELOPMENT_TEAM = 3Y587YMRM5;
				INFOPLIST_FILE = GoogleDriveDemo/Info.plist;
				IPHONEOS_DEPLOYMENT_TARGET = 9.2;
				LD_RUNPATH_SEARCH_PATHS = "$(inherited) @executable_path/Frameworks";
				PRODUCT_BUNDLE_IDENTIFIER = com.xyz.GoogleDriveDemo;
				PRODUCT_NAME = "$(TARGET_NAME)";
				PROVISIONING_PROFILE = "2075f686-8669-44bc-8e86-5df3a85e43a8";
				PROVISIONING_PROFILE_SPECIFIER = 07Jul_ZapDev;
			};
			name = Debug;
		};
		1F3AA9DA1F00D5970049331B /* Release */ = {
			isa = XCBuildConfiguration;
			baseConfigurationReference = CBDAED7FF5C99213705EC33F /* Pods-GoogleDriveDemo.release.xcconfig */;
			buildSettings = {
				ASSETCATALOG_COMPILER_APPICON_NAME = AppIcon;
				DEVELOPMENT_TEAM = 3Y587YMRM5;
				INFOPLIST_FILE = GoogleDriveDemo/Info.plist;
				IPHONEOS_DEPLOYMENT_TARGET = 9.2;
				LD_RUNPATH_SEARCH_PATHS = "$(inherited) @executable_path/Frameworks";
				PRODUCT_BUNDLE_IDENTIFIER = com.xyz.GoogleDriveDemo;
				PRODUCT_NAME = "$(TARGET_NAME)";
				PROVISIONING_PROFILE = "2075f686-8669-44bc-8e86-5df3a85e43a8";
				PROVISIONING_PROFILE_SPECIFIER = 07Jul_ZapDev;
			};
			name = Release;
		};
/* End XCBuildConfiguration section */

/* Begin XCConfigurationList section */
		1F3AA9BC1F00D5970049331B /* Build configuration list for PBXProject "GoogleDriveDemo" */ = {
			isa = XCConfigurationList;
			buildConfigurations = (
				1F3AA9D61F00D5970049331B /* Debug */,
				1F3AA9D71F00D5970049331B /* Release */,
			);
			defaultConfigurationIsVisible = 0;
			defaultConfigurationName = Release;
		};
		1F3AA9D81F00D5970049331B /* Build configuration list for PBXNativeTarget "GoogleDriveDemo" */ = {
			isa = XCConfigurationList;
			buildConfigurations = (
				1F3AA9D91F00D5970049331B /* Debug */,
				1F3AA9DA1F00D5970049331B /* Release */,
			);
			defaultConfigurationIsVisible = 0;
			defaultConfigurationName = Release;
		};
/* End XCConfigurationList section */
	};
	rootObject = 1F3AA9B91F00D5970049331B /* Project object */;
}
